
Microsoft Visual Studio Solution File, Format Version 11.00
# Visual Studio 2010
Project("{2150E333-8FDC-42A3-9474-1A3956D46DE8}") = "Applications", "Applications", "{A594B55D-0C88-4F66-AF6E-86266F933DF0}"
EndProject
Project("{2150E333-8FDC-42A3-9474-1A3956D46DE8}") = "Data", "Data", "{300F8C7D-35CC-4CFA-A97A-82824E4E59BA}"
EndProject
Project("{2150E333-8FDC-42A3-9474-1A3956D46DE8}") = "Access", "Access", "{BB1570F0-8947-4B88-8A76-D8A88D3DD6E2}"
	ProjectSection(SolutionItems) = preProject
		Data\Access\openPG-InitialDataSet.mdb = Data\Access\openPG-InitialDataSet.mdb
		Data\Access\openPG-SampleDataSet.mdb = Data\Access\openPG-SampleDataSet.mdb
		Data\Access\openPG.mdb = Data\Access\openPG.mdb
	EndProjectSection
EndProject
Project("{2150E333-8FDC-42A3-9474-1A3956D46DE8}") = "MySQL", "MySQL", "{3DDEA712-A92F-4252-AA36-EC3D20EE70CB}"
	ProjectSection(SolutionItems) = preProject
		Data\MySQL\AuditLog.sql = Data\MySQL\AuditLog.sql
		Data\MySQL\InitialDataSet.sql = Data\MySQL\InitialDataSet.sql
		Data\MySQL\openPG.sql = Data\MySQL\openPG.sql
		Data\MySQL\SampleDataSet.sql = Data\MySQL\SampleDataSet.sql
	EndProjectSection
EndProject
Project("{2150E333-8FDC-42A3-9474-1A3956D46DE8}") = "SQL Server", "SQL Server", "{C1140554-1896-43B3-A109-26B601B38A7E}"
	ProjectSection(SolutionItems) = preProject
		Data\SQL Server\AuditLog.sql = Data\SQL Server\AuditLog.sql
		Data\SQL Server\InitialDataSet.sql = Data\SQL Server\InitialDataSet.sql
		Data\SQL Server\openPG.sql = Data\SQL Server\openPG.sql
		Data\SQL Server\SampleDataSet.sql = Data\SQL Server\SampleDataSet.sql
	EndProjectSection
EndProject
Project("{2150E333-8FDC-42A3-9474-1A3956D46DE8}") = "Documentation", "Documentation", "{1DBBCC7B-37F1-43D2-B00A-786874D6E7C4}"
EndProject
Project("{2150E333-8FDC-42A3-9474-1A3956D46DE8}") = "Images", "Images", "{7497D95C-1F53-42E5-9678-FC20062B46AF}"
EndProject
Project("{FAE04EC0-301F-11D3-BF4B-00C04F79EFBC}") = "openPG", "Applications\openPG\openPG\openPG.csproj", "{F6986F10-FC76-475B-A7D0-10315EBF4910}"
EndProject
Project("{FAE04EC0-301F-11D3-BF4B-00C04F79EFBC}") = "openPGConsole", "Applications\openPG\openPGConsole\openPGConsole.csproj", "{018FDA38-8662-4733-A3C8-22EC24A0CE85}"
EndProject
Project("{2150E333-8FDC-42A3-9474-1A3956D46DE8}") = "Dependencies", "Dependencies", "{F1E4A6D5-E5A1-48EC-B2E7-C20AADCF94E1}"
EndProject
Project("{2150E333-8FDC-42A3-9474-1A3956D46DE8}") = "TimeSeriesFramework", "TimeSeriesFramework", "{047CE9C4-48F2-4333-B5D9-C22063322F28}"
	ProjectSection(SolutionItems) = preProject
		Dependencies\TimeSeriesFramework\AdoAdapters.dll = Dependencies\TimeSeriesFramework\AdoAdapters.dll
		Dependencies\TimeSeriesFramework\AdoAdapters.XML = Dependencies\TimeSeriesFramework\AdoAdapters.XML
		Dependencies\TimeSeriesFramework\CsvAdapters.XML = Dependencies\TimeSeriesFramework\CsvAdapters.XML
		Dependencies\TimeSeriesFramework\DataQualityMonitoring.XML = Dependencies\TimeSeriesFramework\DataQualityMonitoring.XML
		Dependencies\TimeSeriesFramework\MongoAdapters.dll = Dependencies\TimeSeriesFramework\MongoAdapters.dll
		Dependencies\TimeSeriesFramework\MongoAdapters.XML = Dependencies\TimeSeriesFramework\MongoAdapters.XML
		Dependencies\TimeSeriesFramework\MySqlAdapters.dll = Dependencies\TimeSeriesFramework\MySqlAdapters.dll
		Dependencies\TimeSeriesFramework\MySqlAdapters.XML = Dependencies\TimeSeriesFramework\MySqlAdapters.XML
		Dependencies\TimeSeriesFramework\TestingAdapters.dll = Dependencies\TimeSeriesFramework\TestingAdapters.dll
		Dependencies\TimeSeriesFramework\TestingAdapters.XML = Dependencies\TimeSeriesFramework\TestingAdapters.XML
		Dependencies\TimeSeriesFramework\TimeSeriesFramework.dll = Dependencies\TimeSeriesFramework\TimeSeriesFramework.dll
		Dependencies\TimeSeriesFramework\TimeSeriesFramework.UI.dll = Dependencies\TimeSeriesFramework\TimeSeriesFramework.UI.dll
		Dependencies\TimeSeriesFramework\TimeSeriesFramework.UI.WPF.dll = Dependencies\TimeSeriesFramework\TimeSeriesFramework.UI.WPF.dll
		Dependencies\TimeSeriesFramework\TimeSeriesFramework.UI.WPF.XML = Dependencies\TimeSeriesFramework\TimeSeriesFramework.UI.WPF.XML
		Dependencies\TimeSeriesFramework\TimeSeriesFramework.UI.xml = Dependencies\TimeSeriesFramework\TimeSeriesFramework.UI.xml
		Dependencies\TimeSeriesFramework\TimeSeriesFramework.xml = Dependencies\TimeSeriesFramework\TimeSeriesFramework.xml
		Dependencies\TimeSeriesFramework\WavInputAdapter.dll = Dependencies\TimeSeriesFramework\WavInputAdapter.dll
		Dependencies\TimeSeriesFramework\WavInputAdapter.XML = Dependencies\TimeSeriesFramework\WavInputAdapter.XML
	EndProjectSection
EndProject
Project("{2150E333-8FDC-42A3-9474-1A3956D46DE8}") = "TVA", "TVA", "{F109961B-329B-4114-87AA-CE0B8F08F32B}"
	ProjectSection(SolutionItems) = preProject
		Dependencies\TVA\Hadoop.Replication.dll = Dependencies\TVA\Hadoop.Replication.dll
		Dependencies\TVA\Hadoop.Replication.XML = Dependencies\TVA\Hadoop.Replication.XML
		Dependencies\TVA\HistorianAdapters.dll = Dependencies\TVA\HistorianAdapters.dll
		Dependencies\TVA\TVA.Communication.dll = Dependencies\TVA\TVA.Communication.dll
		Dependencies\TVA\TVA.Core.dll = Dependencies\TVA\TVA.Core.dll
		Dependencies\TVA\TVA.Historian.XML = Dependencies\TVA\TVA.Historian.XML
		Dependencies\TVA\TVA.PhasorProtocols.dll = Dependencies\TVA\TVA.PhasorProtocols.dll
		Dependencies\TVA\TVA.Security.dll = Dependencies\TVA\TVA.Security.dll
		Dependencies\TVA\TVA.Security.XML = Dependencies\TVA\TVA.Security.XML
		Dependencies\TVA\TVA.Web.dll = Dependencies\TVA\TVA.Web.dll
		Dependencies\TVA\TVA.Web.XML = Dependencies\TVA\TVA.Web.XML
		Dependencies\TVA\TVA.Windows.dll = Dependencies\TVA\TVA.Windows.dll
		Dependencies\TVA\TVA.Windows.XML = Dependencies\TVA\TVA.Windows.XML
	EndProjectSection
EndProject
Project("{2150E333-8FDC-42A3-9474-1A3956D46DE8}") = "Tools", "Tools", "{D5E46AB8-FE9C-44EE-8BF6-85828422D537}"
EndProject
Project("{FAE04EC0-301F-11D3-BF4B-00C04F79EFBC}") = "ConfigurationSetupUtility", "Tools\ConfigurationSetupUtility\ConfigurationSetupUtility.csproj", "{2A74EACF-8291-47C7-A2ED-0D58771F24E2}"
EndProject
Project("{FAE04EC0-301F-11D3-BF4B-00C04F79EFBC}") = "Setup", "Tools\Setup\Setup.csproj", "{A4C500AC-70AC-4869-8A08-E10CCD45F64F}"
	ProjectSection(ProjectDependencies) = postProject
		{FD76D07C-74B9-437C-B009-94DFD4575359} = {FD76D07C-74B9-437C-B009-94DFD4575359}
		{0B3CB7DA-497A-40B0-A4C9-1B966B9A4873} = {0B3CB7DA-497A-40B0-A4C9-1B966B9A4873}
	EndProjectSection
EndProject
Project("{54435603-DBB4-11D2-8724-00A0C9A8B90C}") = "openPGSetup64", "Applications\openPG\openPGSetup\openPGSetup64.vdproj", "{0B3CB7DA-497A-40B0-A4C9-1B966B9A4873}"
EndProject
Project("{54435603-DBB4-11D2-8724-00A0C9A8B90C}") = "openPGSetup", "Applications\openPG\openPGSetup\openPGSetup.vdproj", "{FD76D07C-74B9-437C-B009-94DFD4575359}"
EndProject
Project("{2150E333-8FDC-42A3-9474-1A3956D46DE8}") = "MongoDB", "MongoDB", "{C48B01AA-FA62-47C7-91AA-5A0A117DF463}"
	ProjectSection(SolutionItems) = preProject
		Dependencies\MongoDB\MongoDB.dll = Dependencies\MongoDB\MongoDB.dll
		Dependencies\MongoDB\MongoDB.GridFS.dll = Dependencies\MongoDB\MongoDB.GridFS.dll
		Dependencies\MongoDB\MongoDB.GridFS.xml = Dependencies\MongoDB\MongoDB.GridFS.xml
		Dependencies\MongoDB\MongoDB.xml = Dependencies\MongoDB\MongoDB.xml
	EndProjectSection
EndProject
Project("{2150E333-8FDC-42A3-9474-1A3956D46DE8}") = "Libraries", "Libraries", "{3B319B01-4C55-4CD3-86A5-1298E91D9138}"
EndProject
Project("{FAE04EC0-301F-11D3-BF4B-00C04F79EFBC}") = "openPG.UI", "Libraries\openPG.UI\openPG.UI.csproj", "{94F36768-E9A0-4783-BB0F-8C2C1771352E}"
EndProject
Project("{FAE04EC0-301F-11D3-BF4B-00C04F79EFBC}") = "openPG.UI.WPF", "Libraries\openPG.UI.WPF\openPG.UI.WPF.csproj", "{134819C5-C1BB-4ED1-BE23-49AB5FB33744}"
EndProject
Project("{2150E333-8FDC-42A3-9474-1A3956D46DE8}") = "openPDC", "openPDC", "{F132223E-3142-4F1E-B0AF-CE14F4CA0AD2}"
	ProjectSection(SolutionItems) = preProject
		Dependencies\openPDC\openPDC.UI.dll = Dependencies\openPDC\openPDC.UI.dll
		Dependencies\openPDC\openPDC.UI.WPF.dll = Dependencies\openPDC\openPDC.UI.WPF.dll
		Dependencies\openPDC\openPDC.UI.WPF.xml = Dependencies\openPDC\openPDC.UI.WPF.xml
		Dependencies\openPDC\openPDC.UI.xml = Dependencies\openPDC\openPDC.UI.xml
	EndProjectSection
EndProject
Project("{2150E333-8FDC-42A3-9474-1A3956D46DE8}") = "SQLite", "SQLite", "{BE55A303-AE5A-41D7-8F32-A327C66F5F64}"
	ProjectSection(SolutionItems) = preProject
		Data\SQLite\db-update.bat = Data\SQLite\db-update.bat
		Data\SQLite\InitialDataSet.sql = Data\SQLite\InitialDataSet.sql
		Data\SQLite\openPG-InitialDataSet.db = Data\SQLite\openPG-InitialDataSet.db
		Data\SQLite\openPG-SampleDataSet.db = Data\SQLite\openPG-SampleDataSet.db
		Data\SQLite\openPG.db = Data\SQLite\openPG.db
		Data\SQLite\openPG.sql = Data\SQLite\openPG.sql
		Data\SQLite\SampleDataSet.sql = Data\SQLite\SampleDataSet.sql
		Data\SQLite\sqlite3.exe = Data\SQLite\sqlite3.exe
	EndProjectSection
EndProject
Project("{2150E333-8FDC-42A3-9474-1A3956D46DE8}") = "SQLite", "SQLite", "{FCF4FAEF-8AA9-4403-A060-D1CB7DA2145B}"
	ProjectSection(SolutionItems) = preProject
		Dependencies\SQLite\System.Data.SQLite.dll = Dependencies\SQLite\System.Data.SQLite.dll
		Dependencies\SQLite\System.Data.SQLite.Linq.dll = Dependencies\SQLite\System.Data.SQLite.Linq.dll
		Dependencies\SQLite\System.Data.SQLite.Linq.xml = Dependencies\SQLite\System.Data.SQLite.Linq.xml
		Dependencies\SQLite\System.Data.SQLite.xml = Dependencies\SQLite\System.Data.SQLite.xml
	EndProjectSection
EndProject
Project("{2150E333-8FDC-42A3-9474-1A3956D46DE8}") = "Microsoft", "Microsoft", "{F87710C5-D8D3-4070-A2EB-73A14FDAE208}"
EndProject
Project("{2150E333-8FDC-42A3-9474-1A3956D46DE8}") = "D3", "D3", "{32FFE65B-1193-4647-A5E6-67504EE51B31}"
	ProjectSection(SolutionItems) = preProject
		Dependencies\Microsoft\D3\DynamicDataDisplay.dll = Dependencies\Microsoft\D3\DynamicDataDisplay.dll
	EndProjectSection
EndProject
Project("{FAE04EC0-301F-11D3-BF4B-00C04F79EFBC}") = "openPGManager", "Applications\openPGManager\openPGManager.csproj", "{CCF1DF65-C4DA-41CE-9332-0293D33934C5}"
EndProject
Project("{2150E333-8FDC-42A3-9474-1A3956D46DE8}") = "Oracle", "Oracle", "{AFC8E495-1897-4DC7-9C1A-0F81CE079B53}"
	ProjectSection(SolutionItems) = preProject
		Data\Oracle\AuditLog.sql = Data\Oracle\AuditLog.sql
		Data\Oracle\InitialDataSet.sql = Data\Oracle\InitialDataSet.sql
		Data\Oracle\openPG.sql = Data\Oracle\openPG.sql
		Data\Oracle\SampleDataSet.sql = Data\Oracle\SampleDataSet.sql
	EndProjectSection
EndProject
Project("{2150E333-8FDC-42A3-9474-1A3956D46DE8}") = "WPF", "WPF", "{09C79162-276C-4F8A-BA20-40483821CBD8}"
	ProjectSection(SolutionItems) = preProject
		Dependencies\Microsoft\WPF\System.Windows.Controls.DataVisualization.Toolkit.dll = Dependencies\Microsoft\WPF\System.Windows.Controls.DataVisualization.Toolkit.dll
		Dependencies\Microsoft\WPF\System.Windows.Controls.Input.Toolkit.dll = Dependencies\Microsoft\WPF\System.Windows.Controls.Input.Toolkit.dll
		Dependencies\Microsoft\WPF\System.Windows.Controls.Layout.Toolkit.dll = Dependencies\Microsoft\WPF\System.Windows.Controls.Layout.Toolkit.dll
		Dependencies\Microsoft\WPF\WPFToolkit.dll = Dependencies\Microsoft\WPF\WPFToolkit.dll
	EndProjectSection
EndProject
Project("{2150E333-8FDC-42A3-9474-1A3956D46DE8}") = "x86", "x86", "{7AC71D80-B569-404A-A3B4-1B6E19C96589}"
	ProjectSection(SolutionItems) = preProject
		Dependencies\SQLite\x86\System.Data.SQLite.dll = Dependencies\SQLite\x86\System.Data.SQLite.dll
		Dependencies\SQLite\x86\System.Data.SQLite.Linq.dll = Dependencies\SQLite\x86\System.Data.SQLite.Linq.dll
		Dependencies\SQLite\x86\System.Data.SQLite.Linq.xml = Dependencies\SQLite\x86\System.Data.SQLite.Linq.xml
		Dependencies\SQLite\x86\System.Data.SQLite.xml = Dependencies\SQLite\x86\System.Data.SQLite.xml
	EndProjectSection
EndProject
Global
	GlobalSection(TeamFoundationVersionControl) = preSolution
		SccNumberOfProjects = 10
		SccEnterpriseProvider = {4CA58AB2-18FA-4F8D-95D4-32DDF27D184C}
		SccTeamFoundationServer = https://tfs.codeplex.com/tfs/tfs07
		SccLocalPath0 = .
		SccProjectUniqueName1 = Applications\\openPG\\openPG\\openPG.csproj
		SccProjectTopLevelParentUniqueName1 = openPG.sln
		SccProjectName1 = Applications/openPG/openPG
		SccLocalPath1 = Applications\\openPG\\openPG
		SccProjectUniqueName2 = Applications\\openPG\\openPGConsole\\openPGConsole.csproj
		SccProjectTopLevelParentUniqueName2 = openPG.sln
		SccProjectName2 = Applications/openPG/openPGConsole
		SccLocalPath2 = Applications\\openPG\\openPGConsole
		SccProjectUniqueName3 = Applications\\openPG\\openPGSetup\\openPGSetup.vdproj
		SccProjectTopLevelParentUniqueName3 = openPG.sln
		SccProjectName3 = Applications/openPG/openPGSetup
		SccLocalPath3 = Applications\\openPG\\openPGSetup
		SccProjectUniqueName4 = Applications\\openPG\\openPGSetup\\openPGSetup64.vdproj
		SccProjectTopLevelParentUniqueName4 = openPG.sln
		SccProjectName4 = Applications/openPG/openPGSetup
		SccLocalPath4 = Applications\\openPG\\openPGSetup
		SccProjectUniqueName5 = Tools\\ConfigurationSetupUtility\\ConfigurationSetupUtility.csproj
		SccProjectTopLevelParentUniqueName5 = openPG.sln
		SccProjectName5 = Tools/ConfigurationSetupUtility
		SccLocalPath5 = Tools\\ConfigurationSetupUtility
		SccProjectUniqueName6 = Tools\\Setup\\Setup.csproj
		SccProjectTopLevelParentUniqueName6 = openPG.sln
		SccProjectName6 = Tools/Setup
		SccLocalPath6 = Tools\\Setup
		SccProjectUniqueName7 = Libraries\\openPG.UI\\openPG.UI.csproj
		SccProjectTopLevelParentUniqueName7 = openPG.sln
		SccProjectName7 = Libraries/openPG.UI
		SccLocalPath7 = Libraries\\openPG.UI
		SccProjectUniqueName8 = Libraries\\openPG.UI.WPF\\openPG.UI.WPF.csproj
		SccProjectTopLevelParentUniqueName8 = openPG.sln
		SccProjectName8 = Libraries/openPG.UI.WPF
		SccLocalPath8 = Libraries\\openPG.UI.WPF
		SccProjectUniqueName9 = Applications\\openPGManager\\openPGManager.csproj
		SccProjectTopLevelParentUniqueName9 = openPG.sln
		SccProjectName9 = Applications/openPGManager
		SccLocalPath9 = Applications\\openPGManager
	EndGlobalSection
	GlobalSection(SolutionConfigurationPlatforms) = preSolution
		Debug|Any CPU = Debug|Any CPU
		Debug|x86 = Debug|x86
		Release|Any CPU = Release|Any CPU
		Release|x86 = Release|x86
	EndGlobalSection
	GlobalSection(ProjectConfigurationPlatforms) = postSolution
		{F6986F10-FC76-475B-A7D0-10315EBF4910}.Debug|Any CPU.ActiveCfg = Debug|Any CPU
		{F6986F10-FC76-475B-A7D0-10315EBF4910}.Debug|Any CPU.Build.0 = Debug|Any CPU
		{F6986F10-FC76-475B-A7D0-10315EBF4910}.Debug|x86.ActiveCfg = Debug|x86
		{F6986F10-FC76-475B-A7D0-10315EBF4910}.Debug|x86.Build.0 = Debug|x86
		{F6986F10-FC76-475B-A7D0-10315EBF4910}.Release|Any CPU.ActiveCfg = Release|Any CPU
		{F6986F10-FC76-475B-A7D0-10315EBF4910}.Release|Any CPU.Build.0 = Release|Any CPU
		{F6986F10-FC76-475B-A7D0-10315EBF4910}.Release|x86.ActiveCfg = Release|x86
		{F6986F10-FC76-475B-A7D0-10315EBF4910}.Release|x86.Build.0 = Release|x86
		{018FDA38-8662-4733-A3C8-22EC24A0CE85}.Debug|Any CPU.ActiveCfg = Debug|Any CPU
		{018FDA38-8662-4733-A3C8-22EC24A0CE85}.Debug|Any CPU.Build.0 = Debug|Any CPU
		{018FDA38-8662-4733-A3C8-22EC24A0CE85}.Debug|x86.ActiveCfg = Debug|x86
		{018FDA38-8662-4733-A3C8-22EC24A0CE85}.Debug|x86.Build.0 = Debug|x86
		{018FDA38-8662-4733-A3C8-22EC24A0CE85}.Release|Any CPU.ActiveCfg = Release|Any CPU
		{018FDA38-8662-4733-A3C8-22EC24A0CE85}.Release|Any CPU.Build.0 = Release|Any CPU
		{018FDA38-8662-4733-A3C8-22EC24A0CE85}.Release|x86.ActiveCfg = Release|x86
		{018FDA38-8662-4733-A3C8-22EC24A0CE85}.Release|x86.Build.0 = Release|x86
		{2A74EACF-8291-47C7-A2ED-0D58771F24E2}.Debug|Any CPU.ActiveCfg = Debug|Any CPU
		{2A74EACF-8291-47C7-A2ED-0D58771F24E2}.Debug|Any CPU.Build.0 = Debug|Any CPU
		{2A74EACF-8291-47C7-A2ED-0D58771F24E2}.Debug|x86.ActiveCfg = Debug|x86
		{2A74EACF-8291-47C7-A2ED-0D58771F24E2}.Debug|x86.Build.0 = Debug|x86
		{2A74EACF-8291-47C7-A2ED-0D58771F24E2}.Release|Any CPU.ActiveCfg = Release|Any CPU
		{2A74EACF-8291-47C7-A2ED-0D58771F24E2}.Release|Any CPU.Build.0 = Release|Any CPU
		{2A74EACF-8291-47C7-A2ED-0D58771F24E2}.Release|x86.ActiveCfg = Release|x86
		{2A74EACF-8291-47C7-A2ED-0D58771F24E2}.Release|x86.Build.0 = Release|x86
		{A4C500AC-70AC-4869-8A08-E10CCD45F64F}.Debug|Any CPU.ActiveCfg = Debug|Any CPU
		{A4C500AC-70AC-4869-8A08-E10CCD45F64F}.Debug|Any CPU.Build.0 = Debug|Any CPU
		{A4C500AC-70AC-4869-8A08-E10CCD45F64F}.Debug|x86.ActiveCfg = Debug|x86
		{A4C500AC-70AC-4869-8A08-E10CCD45F64F}.Debug|x86.Build.0 = Debug|x86
		{A4C500AC-70AC-4869-8A08-E10CCD45F64F}.Release|Any CPU.ActiveCfg = Release|Any CPU
		{A4C500AC-70AC-4869-8A08-E10CCD45F64F}.Release|Any CPU.Build.0 = Release|Any CPU
		{A4C500AC-70AC-4869-8A08-E10CCD45F64F}.Release|x86.ActiveCfg = Release|x86
		{A4C500AC-70AC-4869-8A08-E10CCD45F64F}.Release|x86.Build.0 = Release|x86
		{0B3CB7DA-497A-40B0-A4C9-1B966B9A4873}.Debug|Any CPU.ActiveCfg = Debug
		{0B3CB7DA-497A-40B0-A4C9-1B966B9A4873}.Debug|x86.ActiveCfg = Debug
		{0B3CB7DA-497A-40B0-A4C9-1B966B9A4873}.Release|Any CPU.ActiveCfg = Release
		{0B3CB7DA-497A-40B0-A4C9-1B966B9A4873}.Release|Any CPU.Build.0 = Release
		{0B3CB7DA-497A-40B0-A4C9-1B966B9A4873}.Release|x86.ActiveCfg = Release
		{0B3CB7DA-497A-40B0-A4C9-1B966B9A4873}.Release|x86.Build.0 = Release
		{FD76D07C-74B9-437C-B009-94DFD4575359}.Debug|Any CPU.ActiveCfg = Debug
		{FD76D07C-74B9-437C-B009-94DFD4575359}.Debug|x86.ActiveCfg = Debug
		{FD76D07C-74B9-437C-B009-94DFD4575359}.Release|Any CPU.ActiveCfg = Release
		{FD76D07C-74B9-437C-B009-94DFD4575359}.Release|Any CPU.Build.0 = Release
		{FD76D07C-74B9-437C-B009-94DFD4575359}.Release|x86.ActiveCfg = Release
		{FD76D07C-74B9-437C-B009-94DFD4575359}.Release|x86.Build.0 = Release
		{94F36768-E9A0-4783-BB0F-8C2C1771352E}.Debug|Any CPU.ActiveCfg = Debug|Any CPU
		{94F36768-E9A0-4783-BB0F-8C2C1771352E}.Debug|Any CPU.Build.0 = Debug|Any CPU
		{94F36768-E9A0-4783-BB0F-8C2C1771352E}.Debug|x86.ActiveCfg = Debug|x86
		{94F36768-E9A0-4783-BB0F-8C2C1771352E}.Debug|x86.Build.0 = Debug|x86
		{94F36768-E9A0-4783-BB0F-8C2C1771352E}.Release|Any CPU.ActiveCfg = Release|Any CPU
		{94F36768-E9A0-4783-BB0F-8C2C1771352E}.Release|Any CPU.Build.0 = Release|Any CPU
		{94F36768-E9A0-4783-BB0F-8C2C1771352E}.Release|x86.ActiveCfg = Release|x86
		{94F36768-E9A0-4783-BB0F-8C2C1771352E}.Release|x86.Build.0 = Release|x86
		{134819C5-C1BB-4ED1-BE23-49AB5FB33744}.Debug|Any CPU.ActiveCfg = Debug|Any CPU
		{134819C5-C1BB-4ED1-BE23-49AB5FB33744}.Debug|Any CPU.Build.0 = Debug|Any CPU
		{134819C5-C1BB-4ED1-BE23-49AB5FB33744}.Debug|x86.ActiveCfg = Debug|x86
		{134819C5-C1BB-4ED1-BE23-49AB5FB33744}.Debug|x86.Build.0 = Debug|x86
		{134819C5-C1BB-4ED1-BE23-49AB5FB33744}.Release|Any CPU.ActiveCfg = Release|Any CPU
		{134819C5-C1BB-4ED1-BE23-49AB5FB33744}.Release|Any CPU.Build.0 = Release|Any CPU
		{134819C5-C1BB-4ED1-BE23-49AB5FB33744}.Release|x86.ActiveCfg = Release|x86
		{134819C5-C1BB-4ED1-BE23-49AB5FB33744}.Release|x86.Build.0 = Release|x86
		{CCF1DF65-C4DA-41CE-9332-0293D33934C5}.Debug|Any CPU.ActiveCfg = Debug|Any CPU
		{CCF1DF65-C4DA-41CE-9332-0293D33934C5}.Debug|Any CPU.Build.0 = Debug|Any CPU
		{CCF1DF65-C4DA-41CE-9332-0293D33934C5}.Debug|x86.ActiveCfg = Debug|x86
		{CCF1DF65-C4DA-41CE-9332-0293D33934C5}.Debug|x86.Build.0 = Debug|x86
		{CCF1DF65-C4DA-41CE-9332-0293D33934C5}.Release|Any CPU.ActiveCfg = Release|Any CPU
		{CCF1DF65-C4DA-41CE-9332-0293D33934C5}.Release|Any CPU.Build.0 = Release|Any CPU
		{CCF1DF65-C4DA-41CE-9332-0293D33934C5}.Release|x86.ActiveCfg = Release|x86
		{CCF1DF65-C4DA-41CE-9332-0293D33934C5}.Release|x86.Build.0 = Release|x86
	EndGlobalSection
	GlobalSection(SolutionProperties) = preSolution
		HideSolutionNode = FALSE
	EndGlobalSection
	GlobalSection(NestedProjects) = preSolution
		{F6986F10-FC76-475B-A7D0-10315EBF4910} = {A594B55D-0C88-4F66-AF6E-86266F933DF0}
		{018FDA38-8662-4733-A3C8-22EC24A0CE85} = {A594B55D-0C88-4F66-AF6E-86266F933DF0}
		{0B3CB7DA-497A-40B0-A4C9-1B966B9A4873} = {A594B55D-0C88-4F66-AF6E-86266F933DF0}
		{FD76D07C-74B9-437C-B009-94DFD4575359} = {A594B55D-0C88-4F66-AF6E-86266F933DF0}
		{CCF1DF65-C4DA-41CE-9332-0293D33934C5} = {A594B55D-0C88-4F66-AF6E-86266F933DF0}
		{BB1570F0-8947-4B88-8A76-D8A88D3DD6E2} = {300F8C7D-35CC-4CFA-A97A-82824E4E59BA}
		{3DDEA712-A92F-4252-AA36-EC3D20EE70CB} = {300F8C7D-35CC-4CFA-A97A-82824E4E59BA}
		{C1140554-1896-43B3-A109-26B601B38A7E} = {300F8C7D-35CC-4CFA-A97A-82824E4E59BA}
		{BE55A303-AE5A-41D7-8F32-A327C66F5F64} = {300F8C7D-35CC-4CFA-A97A-82824E4E59BA}
		{AFC8E495-1897-4DC7-9C1A-0F81CE079B53} = {300F8C7D-35CC-4CFA-A97A-82824E4E59BA}
		{7497D95C-1F53-42E5-9678-FC20062B46AF} = {1DBBCC7B-37F1-43D2-B00A-786874D6E7C4}
		{047CE9C4-48F2-4333-B5D9-C22063322F28} = {F1E4A6D5-E5A1-48EC-B2E7-C20AADCF94E1}
		{F109961B-329B-4114-87AA-CE0B8F08F32B} = {F1E4A6D5-E5A1-48EC-B2E7-C20AADCF94E1}
		{C48B01AA-FA62-47C7-91AA-5A0A117DF463} = {F1E4A6D5-E5A1-48EC-B2E7-C20AADCF94E1}
		{F132223E-3142-4F1E-B0AF-CE14F4CA0AD2} = {F1E4A6D5-E5A1-48EC-B2E7-C20AADCF94E1}
		{FCF4FAEF-8AA9-4403-A060-D1CB7DA2145B} = {F1E4A6D5-E5A1-48EC-B2E7-C20AADCF94E1}
		{F87710C5-D8D3-4070-A2EB-73A14FDAE208} = {F1E4A6D5-E5A1-48EC-B2E7-C20AADCF94E1}
		{2A74EACF-8291-47C7-A2ED-0D58771F24E2} = {D5E46AB8-FE9C-44EE-8BF6-85828422D537}
		{A4C500AC-70AC-4869-8A08-E10CCD45F64F} = {D5E46AB8-FE9C-44EE-8BF6-85828422D537}
		{94F36768-E9A0-4783-BB0F-8C2C1771352E} = {3B319B01-4C55-4CD3-86A5-1298E91D9138}
		{134819C5-C1BB-4ED1-BE23-49AB5FB33744} = {3B319B01-4C55-4CD3-86A5-1298E91D9138}
		{7AC71D80-B569-404A-A3B4-1B6E19C96589} = {FCF4FAEF-8AA9-4403-A060-D1CB7DA2145B}
		{32FFE65B-1193-4647-A5E6-67504EE51B31} = {F87710C5-D8D3-4070-A2EB-73A14FDAE208}
		{09C79162-276C-4F8A-BA20-40483821CBD8} = {F87710C5-D8D3-4070-A2EB-73A14FDAE208}
	EndGlobalSection
EndGlobal
